schema: '2.0'
stages:
  data_ingestion:
    cmd: 
      E:/Projects/Complete-ML-Pipeline-Spam-Detection/Complete-ML-Pipeline-Spam-Detection/env/Scripts/python.exe
      src/data_ingestion.py
    deps:
    - path: src/data_ingestion.py
      hash: md5
      md5: 3e6c48a71d59657d84527f8fa5000a80
      size: 3637
    params:
      params.yaml:
        data_ingestion.test_size: 0.3
    outs:
    - path: data/raw
      hash: md5
      md5: d26befd2dda9438254177d9000d9ba1f.dir
      size: 484846
      nfiles: 2
  data_preprocessing:
    cmd: 
      E:/Projects/Complete-ML-Pipeline-Spam-Detection/Complete-ML-Pipeline-Spam-Detection/env/Scripts/python.exe
      src/data_preprocessing.py
    deps:
    - path: data/raw
      hash: md5
      md5: d26befd2dda9438254177d9000d9ba1f.dir
      size: 484846
      nfiles: 2
    - path: src/data_preprocessing.py
      hash: md5
      md5: ae0059b79590609927f72e3c373f1865
      size: 3973
    outs:
    - path: data/interim
      hash: md5
      md5: 61ca13b2e20854a1f7bacbbcfeca409e.dir
      size: 262513
      nfiles: 2
  feature_engineering:
    cmd: 
      E:/Projects/Complete-ML-Pipeline-Spam-Detection/Complete-ML-Pipeline-Spam-Detection/env/Scripts/python.exe
      src/feature_engineering.py
    deps:
    - path: data/interim
      hash: md5
      md5: 61ca13b2e20854a1f7bacbbcfeca409e.dir
      size: 262513
      nfiles: 2
    - path: src/feature_engineering.py
      hash: md5
      md5: cf8448c21ab5f64a81b288de0c331814
      size: 3910
    params:
      params.yaml:
        feature_engineering.max_features: 50
    outs:
    - path: data/processed
      hash: md5
      md5: d09b0c0a66dd2b468bbbc5cc8bcc002b.dir
      size: 1188103
      nfiles: 2
  model_building:
    cmd: 
      E:/Projects/Complete-ML-Pipeline-Spam-Detection/Complete-ML-Pipeline-Spam-Detection/env/Scripts/python.exe
      src/model_building.py
    deps:
    - path: data/processed
      hash: md5
      md5: d09b0c0a66dd2b468bbbc5cc8bcc002b.dir
      size: 1188103
      nfiles: 2
    - path: src/model_building.py
      hash: md5
      md5: d1676d06c3835682d1dde33a33fb6cb8
      size: 4485
    params:
      params.yaml:
        model_building.n_estimators: 25
        model_building.random_state: 2
    outs:
    - path: models/model.pkl
      hash: md5
      md5: 69a9697139cd9115b3addf8e9f192241
      size: 899575
  model_evaluation:
    cmd: 
      E:/Projects/Complete-ML-Pipeline-Spam-Detection/Complete-ML-Pipeline-Spam-Detection/env/Scripts/python.exe
      src/model_evaluation.py
    deps:
    - path: models/model.pkl
      hash: md5
      md5: 69a9697139cd9115b3addf8e9f192241
      size: 899575
    - path: src/model_evaluation.py
      hash: md5
      md5: 015270a7f20459fa1ed4326b65a7856b
      size: 4689
    outs:
    - path: reports/metrics.json
      hash: md5
      md5: 7565a6fa80ea70962478cfa42348116e
      size: 143
